// !$*UTF8*$!
{
	archiveVersion = 1;
	classes = {
	};
	objectVersion = 50;
	objects = {

/* Begin PBXBuildFile section */
		CD3B345D26DDFF110035C5F2 /* AppDelegate.swift in Sources */ = {isa = PBXBuildFile; fileRef = CD3B345C26DDFF110035C5F2 /* AppDelegate.swift */; };
		CD3B345F26DDFF110035C5F2 /* SceneDelegate.swift in Sources */ = {isa = PBXBuildFile; fileRef = CD3B345E26DDFF110035C5F2 /* SceneDelegate.swift */; };
		CD3B346126DDFF110035C5F2 /* ViewController.swift in Sources */ = {isa = PBXBuildFile; fileRef = CD3B346026DDFF110035C5F2 /* ViewController.swift */; };
		CD3B346426DDFF110035C5F2 /* Main.storyboard in Resources */ = {isa = PBXBuildFile; fileRef = CD3B346226DDFF110035C5F2 /* Main.storyboard */; };
		CD3B346626DDFF130035C5F2 /* Assets.xcassets in Resources */ = {isa = PBXBuildFile; fileRef = CD3B346526DDFF130035C5F2 /* Assets.xcassets */; };
		CD3B346926DDFF130035C5F2 /* LaunchScreen.storyboard in Resources */ = {isa = PBXBuildFile; fileRef = CD3B346726DDFF130035C5F2 /* LaunchScreen.storyboard */; };
		CD3B347126DDFFD10035C5F2 /* SecondViewController.swift in Sources */ = {isa = PBXBuildFile; fileRef = CD3B347026DDFFD10035C5F2 /* SecondViewController.swift */; };
		CD3B704C26DE1A7B0002AB2C /* UserInformation.swift in Sources */ = {isa = PBXBuildFile; fileRef = CD3B704B26DE1A7B0002AB2C /* UserInformation.swift */; };
/* End PBXBuildFile section */

/* Begin PBXFileReference section */
		CD3B345926DDFF110035C5F2 /* ViewTransition.app */ = {isa = PBXFileReference; explicitFileType = wrapper.application; includeInIndex = 0; path = ViewTransition.app; sourceTree = BUILT_PRODUCTS_DIR; };
		CD3B345C26DDFF110035C5F2 /* AppDelegate.swift */ = {isa = PBXFileReference; lastKnownFileType = sourcecode.swift; path = AppDelegate.swift; sourceTree = "<group>"; };
		CD3B345E26DDFF110035C5F2 /* SceneDelegate.swift */ = {isa = PBXFileReference; lastKnownFileType = sourcecode.swift; path = SceneDelegate.swift; sourceTree = "<group>"; };
		CD3B346026DDFF110035C5F2 /* ViewController.swift */ = {isa = PBXFileReference; lastKnownFileType = sourcecode.swift; path = ViewController.swift; sourceTree = "<group>"; };
		CD3B346326DDFF110035C5F2 /* Base */ = {isa = PBXFileReference; lastKnownFileType = file.storyboard; name = Base; path = Base.lproj/Main.storyboard; sourceTree = "<group>"; };
		CD3B346526DDFF130035C5F2 /* Assets.xcassets */ = {isa = PBXFileReference; lastKnownFileType = folder.assetcatalog; path = Assets.xcassets; sourceTree = "<group>"; };
		CD3B346826DDFF130035C5F2 /* Base */ = {isa = PBXFileReference; lastKnownFileType = file.storyboard; name = Base; path = Base.lproj/LaunchScreen.storyboard; sourceTree = "<group>"; };
		CD3B346A26DDFF130035C5F2 /* Info.plist */ = {isa = PBXFileReference; lastKnownFileType = text.plist.xml; path = Info.plist; sourceTree = "<group>"; };
		CD3B347026DDFFD10035C5F2 /* SecondViewController.swift */ = {isa = PBXFileReference; lastKnownFileType = sourcecode.swift; path = SecondViewController.swift; sourceTree = "<group>"; };
		CD3B704B26DE1A7B0002AB2C /* UserInformation.swift */ = {isa = PBXFileReference; lastKnownFileType = sourcecode.swift; path = UserInformation.swift; sourceTree = "<group>"; };
/* End PBXFileReference section */

/* Begin PBXFrameworksBuildPhase section */
		CD3B345626DDFF110035C5F2 /* Frameworks */ = {
			isa = PBXFrameworksBuildPhase;
			buildActionMask = 2147483647;
			files = (
			);
			runOnlyForDeploymentPostprocessing = 0;
		};
/* End PBXFrameworksBuildPhase section */

/* Begin PBXGroup section */
		CD3B345026DDFF110035C5F2 = {
			isa = PBXGroup;
			children = (
				CD3B345B26DDFF110035C5F2 /* ViewTransition */,
				CD3B345A26DDFF110035C5F2 /* Products */,
			);
			sourceTree = "<group>";
		};
		CD3B345A26DDFF110035C5F2 /* Products */ = {
			isa = PBXGroup;
			children = (
				CD3B345926DDFF110035C5F2 /* ViewTransition.app */,
			);
			name = Products;
			sourceTree = "<group>";
		};
		CD3B345B26DDFF110035C5F2 /* ViewTransition */ = {
			isa = PBXGroup;
			children = (
				CD3B345C26DDFF110035C5F2 /* AppDelegate.swift */,
				CD3B345E26DDFF110035C5F2 /* SceneDelegate.swift */,
				CD3B346026DDFF110035C5F2 /* ViewController.swift */,
				CD3B346226DDFF110035C5F2 /* Main.storyboard */,
				CD3B704B26DE1A7B0002AB2C /* UserInformation.swift */,
				CD3B347026DDFFD10035C5F2 /* SecondViewController.swift */,
				CD3B346526DDFF130035C5F2 /* Assets.xcassets */,
				CD3B346726DDFF130035C5F2 /* LaunchScreen.storyboard */,
				CD3B346A26DDFF130035C5F2 /* Info.plist */,
			);
			path = ViewTransition;
			sourceTree = "<group>";
		};
/* End PBXGroup section */

/* Begin PBXNativeTarget section */
		CD3B345826DDFF110035C5F2 /* ViewTransition */ = {
			isa = PBXNativeTarget;
			buildConfigurationList = CD3B346D26DDFF130035C5F2 /* Build configuration list for PBXNativeTarget "ViewTransition" */;
			buildPhases = (
				CD3B345526DDFF110035C5F2 /* Sources */,
				CD3B345626DDFF110035C5F2 /* Frameworks */,
				CD3B345726DDFF110035C5F2 /* Resources */,
			);
			buildRules = (
			);
			dependencies = (
			);
			name = ViewTransition;
			productName = ViewTransition;
			productReference = CD3B345926DDFF110035C5F2 /* ViewTransition.app */;
			productType = "com.apple.product-type.application";
		};
/* End PBXNativeTarget section */

/* Begin PBXProject section */
		CD3B345126DDFF110035C5F2 /* Project object */ = {
			isa = PBXProject;
			attributes = {
				LastSwiftUpdateCheck = 1250;
				LastUpgradeCheck = 1250;
				TargetAttributes = {
					CD3B345826DDFF110035C5F2 = {
						CreatedOnToolsVersion = 12.5.1;
					};
				};
			};
			buildConfigurationList = CD3B345426DDFF110035C5F2 /* Build configuration list for PBXProject "ViewTransition" */;
			compatibilityVersion = "Xcode 9.3";
			developmentRegion = en;
			hasScannedForEncodings = 0;
			knownRegions = (
				en,
				Base,
			);
			mainGroup = CD3B345026DDFF110035C5F2;
			productRefGroup = CD3B345A26DDFF110035C5F2 /* Products */;
			projectDirPath = "";
			projectRoot = "";
			targets = (
				CD3B345826DDFF110035C5F2 /* ViewTransition */,
			);
		};
/* End PBXProject section */

/* Begin PBXResourcesBuildPhase section */
		CD3B345726DDFF110035C5F2 /* Resources */ = {
			isa = PBXResourcesBuildPhase;
			buildActionMask = 2147483647;
			files = (
				CD3B346926DDFF130035C5F2 /* LaunchScreen.storyboard in Resources */,
				CD3B346626DDFF130035C5F2 /* Assets.xcassets in Resources */,
				CD3B346426DDFF110035C5F2 /* Main.storyboard in Resources */,
			);
			runOnlyForDeploymentPostprocessing = 0;
		};
/* End PBXResourcesBuildPhase section */

/* Begin PBXSourcesBuildPhase section */
		CD3B345526DDFF110035C5F2 /* Sources */ = {
			isa = PBXSourcesBuildPhase;
			buildActionMask = 2147483647;
			files = (
				CD3B704C26DE1A7B0002AB2C /* UserInformation.swift in Sources */,
				CD3B347126DDFFD10035C5F2 /* SecondViewController.swift in Sources */,
				CD3B346126DDFF110035C5F2 /* ViewController.swift in Sources */,
				CD3B345D26DDFF110035C5F2 /* AppDelegate.swift in Sources */,
				CD3B345F26DDFF110035C5F2 /* SceneDelegate.swift in Sources */,
			);
			runOnlyForDeploymentPostprocessing = 0;
		};
/* End PBXSourcesBuildPhase section */

/* Begin PBXVariantGroup section */
		CD3B346226DDFF110035C5F2 /* Main.storyboard */ = {
			isa = PBXVariantGroup;
			children = (
				CD3B346326DDFF110035C5F2 /* Base */,
			);
			name = Main.storyboard;
			sourceTree = "<group>";
		};
		CD3B346726DDFF130035C5F2 /* LaunchScreen.storyboard */ = {
			isa = PBXVariantGroup;
			children = (
				CD3B346826DDFF130035C5F2 /* Base */,
			);
			name = LaunchScreen.storyboard;
			sourceTree = "<group>";
		};
/* End PBXVariantGroup section */

/* Begin XCBuildConfiguration section */
		CD3B346B26DDFF130035C5F2 /* Debug */ = {
			isa = XCBuildConfiguration;
			buildSettings = {
				ALWAYS_SEARCH_USER_PATHS = NO;
				CLANG_ANALYZER_NONNULL = YES;
				CLANG_ANALYZER_NUMBER_OBJECT_CONVERSION = YES_AGGRESSIVE;
				CLANG_CXX_LANGUAGE_STANDARD = "gnu++14";
				CLANG_CXX_LIBRARY = "libc++";
				CLANG_ENABLE_MODULES = YES;
				CLANG_ENABLE_OBJC_ARC = YES;
				CLANG_ENABLE_OBJC_WEAK = YES;
				CLANG_WARN_BLOCK_CAPTURE_AUTORELEASING = YES;
				CLANG_WARN_BOOL_CONVERSION = YES;
				CLANG_WARN_COMMA = YES;
				CLANG_WARN_CONSTANT_CONVERSION = YES;
				CLANG_WARN_DEPRECATED_OBJC_IMPLEMENTATIONS = YES;
				CLANG_WARN_DIRECT_OBJC_ISA_USAGE = YES_ERROR;
				CLANG_WARN_DOCUMENTATION_COMMENTS = YES;
				CLANG_WARN_EMPTY_BODY = YES;
				CLANG_WARN_ENUM_CONVERSION = YES;
				CLANG_WARN_INFINITE_RECURSION = YES;
				CLANG_WARN_INT_CONVERSION = YES;
				CLANG_WARN_NON_LITERAL_NULL_CONVERSION = YES;
				CLANG_WARN_OBJC_IMPLICIT_RETAIN_SELF = YES;
				CLANG_WARN_OBJC_LITERAL_CONVERSION = YES;
				CLANG_WARN_OBJC_ROOT_CLASS = YES_ERROR;
				CLANG_WARN_QUOTED_INCLUDE_IN_FRAMEWORK_HEADER = YES;
				CLANG_WARN_RANGE_LOOP_ANALYSIS = YES;
				CLANG_WARN_STRICT_PROTOTYPES = YES;
				CLANG_WARN_SUSPICIOUS_MOVE = YES;
				CLANG_WARN_UNGUARDED_AVAILABILITY = YES_AGGRESSIVE;
				CLANG_WARN_UNREACHABLE_CODE = YES;
				CLANG_WARN__DUPLICATE_METHOD_MATCH = YES;
				COPY_PHASE_STRIP = NO;
				DEBUG_INFORMATION_FORMAT = dwarf;
				ENABLE_STRICT_OBJC_MSGSEND = YES;
				ENABLE_TESTABILITY = YES;
				GCC_C_LANGUAGE_STANDARD = gnu11;
				GCC_DYNAMIC_NO_PIC = NO;
				GCC_NO_COMMON_BLOCKS = YES;
				GCC_OPTIMIZATION_LEVEL = 0;
				GCC_PREPROCESSOR_DEFINITIONS = (
					"DEBUG=1",
					"$(inherited)",
				);
				GCC_WARN_64_TO_32_BIT_CONVERSION = YES;
				GCC_WARN_ABOUT_RETURN_TYPE = YES_ERROR;
				GCC_WARN_UNDECLARED_SELECTOR = YES;
				GCC_WARN_UNINITIALIZED_AUTOS = YES_AGGRESSIVE;
				GCC_WARN_UNUSED_FUNCTION = YES;
				GCC_WARN_UNUSED_VARIABLE = YES;
				IPHONEOS_DEPLOYMENT_TARGET = 14.5;
				MTL_ENABLE_DEBUG_INFO = INCLUDE_SOURCE;
				MTL_FAST_MATH = YES;
				ONLY_ACTIVE_ARCH = YES;
				SDKROOT = iphoneos;
				SWIFT_ACTIVE_COMPILATION_CONDITIONS = DEBUG;
				SWIFT_OPTIMIZATION_LEVEL = "-Onone";
			};
			name = Debug;
		};
		CD3B346C26DDFF130035C5F2 /* Release */ = {
			isa = XCBuildConfiguration;
			buildSettings = {
				ALWAYS_SEARCH_USER_PATHS = NO;
				CLANG_ANALYZER_NONNULL = YES;
				CLANG_ANALYZER_NUMBER_OBJECT_CONVERSION = YES_AGGRESSIVE;
				CLANG_CXX_LANGUAGE_STANDARD = "gnu++14";
				CLANG_CXX_LIBRARY = "libc++";
				CLANG_ENABLE_MODULES = YES;
				CLANG_ENABLE_OBJC_ARC = YES;
				CLANG_ENABLE_OBJC_WEAK = YES;
				CLANG_WARN_BLOCK_CAPTURE_AUTORELEASING = YES;
				CLANG_WARN_BOOL_CONVERSION = YES;
				CLANG_WARN_COMMA = YES;
				CLANG_WARN_CONSTANT_CONVERSION = YES;
				CLANG_WARN_DEPRECATED_OBJC_IMPLEMENTATIONS = YES;
				CLANG_WARN_DIRECT_OBJC_ISA_USAGE = YES_ERROR;
				CLANG_WARN_DOCUMENTATION_COMMENTS = YES;
				CLANG_WARN_EMPTY_BODY = YES;
				CLANG_WARN_ENUM_CONVERSION = YES;
				CLANG_WARN_INFINITE_RECURSION = YES;
				CLANG_WARN_INT_CONVERSION = YES;
				CLANG_WARN_NON_LITERAL_NULL_CONVERSION = YES;
				CLANG_WARN_OBJC_IMPLICIT_RETAIN_SELF = YES;
				CLANG_WARN_OBJC_LITERAL_CONVERSION = YES;
				CLANG_WARN_OBJC_ROOT_CLASS = YES_ERROR;
				CLANG_WARN_QUOTED_INCLUDE_IN_FRAMEWORK_HEADER = YES;
				CLANG_WARN_RANGE_LOOP_ANALYSIS = YES;
				CLANG_WARN_STRICT_PROTOTYPES = YES;
				CLANG_WARN_SUSPICIOUS_MOVE = YES;
				CLANG_WARN_UNGUARDED_AVAILABILITY = YES_AGGRESSIVE;
				CLANG_WARN_UNREACHABLE_CODE = YES;
				CLANG_WARN__DUPLICATE_METHOD_MATCH = YES;
				COPY_PHASE_STRIP = NO;
				DEBUG_INFORMATION_FORMAT = "dwarf-with-dsym";
				ENABLE_NS_ASSERTIONS = NO;
				ENABLE_STRICT_OBJC_MSGSEND = YES;
				GCC_C_LANGUAGE_STANDARD = gnu11;
				GCC_NO_COMMON_BLOCKS = YES;
				GCC_WARN_64_TO_32_BIT_CONVERSION = YES;
				GCC_WARN_ABOUT_RETURN_TYPE = YES_ERROR;
				GCC_WARN_UNDECLARED_SELECTOR = YES;
				GCC_WARN_UNINITIALIZED_AUTOS = YES_AGGRESSIVE;
				GCC_WARN_UNUSED_FUNCTION = YES;
				GCC_WARN_UNUSED_VARIABLE = YES;
				IPHONEOS_DEPLOYMENT_TARGET = 14.5;
				MTL_ENABLE_DEBUG_INFO = NO;
				MTL_FAST_MATH = YES;
				SDKROOT = iphoneos;
				SWIFT_COMPILATION_MODE = wholemodule;
				SWIFT_OPTIMIZATION_LEVEL = "-O";
				VALIDATE_PRODUCT = YES;
			};
			name = Release;
		};
		CD3B346E26DDFF130035C5F2 /* Debug */ = {
			isa = XCBuildConfiguration;
			buildSettings = {
				ASSETCATALOG_COMPILER_APPICON_NAME = AppIcon;
				ASSETCATALOG_COMPILER_GLOBAL_ACCENT_COLOR_NAME = AccentColor;
				CODE_SIGN_STYLE = Automatic;
				INFOPLIST_FILE = ViewTransition/Info.plist;
				LD_RUNPATH_SEARCH_PATHS = (
					"$(inherited)",
					"@executable_path/Frameworks",
				);
				PRODUCT_BUNDLE_IDENTIFIER = hyowon.ViewTransition;
				PRODUCT_NAME = "$(TARGET_NAME)";
				SWIFT_VERSION = 5.0;
				TARGETED_DEVICE_FAMILY = "1,2";
			};
			name = Debug;
		};
		CD3B346F26DDFF130035C5F2 /* Release */ = {
			isa = XCBuildConfiguration;
			buildSettings = {
				ASSETCATALOG_COMPILER_APPICON_NAME = AppIcon;
				ASSETCATALOG_COMPILER_GLOBAL_ACCENT_COLOR_NAME = AccentColor;
				CODE_SIGN_STYLE = Automatic;
				INFOPLIST_FILE = ViewTransition/Info.plist;
				LD_RUNPATH_SEARCH_PATHS = (
					"$(inherited)",
					"@executable_path/Frameworks",
				);
				PRODUCT_BUNDLE_IDENTIFIER = hyowon.ViewTransition;
				PRODUCT_NAME = "$(TARGET_NAME)";
				SWIFT_VERSION = 5.0;
				TARGETED_DEVICE_FAMILY = "1,2";
			};
			name = Release;
		};
/* End XCBuildConfiguration section */

/* Begin XCConfigurationList section */
		CD3B345426DDFF110035C5F2 /* Build configuration list for PBXProject "ViewTransition" */ = {
			isa = XCConfigurationList;
			buildConfigurations = (
				CD3B346B26DDFF130035C5F2 /* Debug */,
				CD3B346C26DDFF130035C5F2 /* Release */,
			);
			defaultConfigurationIsVisible = 0;
			defaultConfigurationName = Release;
		};
		CD3B346D26DDFF130035C5F2 /* Build configuration list for PBXNativeTarget "ViewTransition" */ = {
			isa = XCConfigurationList;
			buildConfigurations = (
				CD3B346E26DDFF130035C5F2 /* Debug */,
				CD3B346F26DDFF130035C5F2 /* Release */,
			);
			defaultConfigurationIsVisible = 0;
			defaultConfigurationName = Release;
		};
/* End XCConfigurationList section */
	};
	rootObject = CD3B345126DDFF110035C5F2 /* Project object */;
}
